// !$*UTF8*$!
{
	archiveVersion = 1;
	classes = {
	};
	objectVersion = 46;
	objects = {

/* Begin PBXBuildFile section */
		F63F0E711EF063BE005239B9 /* SoundViewController.swift in Sources */ = {isa = PBXBuildFile; fileRef = F63F0E701EF063BE005239B9 /* SoundViewController.swift */; };
		F66B00D11EEA14E600467096 /* AppDelegate.swift in Sources */ = {isa = PBXBuildFile; fileRef = F66B00D01EEA14E600467096 /* AppDelegate.swift */; };
		F66B00D31EEA14E600467096 /* ViewController.swift in Sources */ = {isa = PBXBuildFile; fileRef = F66B00D21EEA14E600467096 /* ViewController.swift */; };
		F66B00D61EEA14E600467096 /* Main.storyboard in Resources */ = {isa = PBXBuildFile; fileRef = F66B00D41EEA14E600467096 /* Main.storyboard */; };
		F66B00D91EEA14E600467096 /* Soundboard.xcdatamodeld in Sources */ = {isa = PBXBuildFile; fileRef = F66B00D71EEA14E600467096 /* Soundboard.xcdatamodeld */; };
		F66B00DB1EEA14E600467096 /* Assets.xcassets in Resources */ = {isa = PBXBuildFile; fileRef = F66B00DA1EEA14E600467096 /* Assets.xcassets */; };
		F66B00DE1EEA14E600467096 /* LaunchScreen.storyboard in Resources */ = {isa = PBXBuildFile; fileRef = F66B00DC1EEA14E600467096 /* LaunchScreen.storyboard */; };
/* End PBXBuildFile section */

/* Begin PBXFileReference section */
		F63F0E701EF063BE005239B9 /* SoundViewController.swift */ = {isa = PBXFileReference; fileEncoding = 4; lastKnownFileType = sourcecode.swift; path = SoundViewController.swift; sourceTree = "<group>"; };
		F66B00CD1EEA14E600467096 /* Soundboard.app */ = {isa = PBXFileReference; explicitFileType = wrapper.application; includeInIndex = 0; path = Soundboard.app; sourceTree = BUILT_PRODUCTS_DIR; };
		F66B00D01EEA14E600467096 /* AppDelegate.swift */ = {isa = PBXFileReference; lastKnownFileType = sourcecode.swift; path = AppDelegate.swift; sourceTree = "<group>"; };
		F66B00D21EEA14E600467096 /* ViewController.swift */ = {isa = PBXFileReference; lastKnownFileType = sourcecode.swift; path = ViewController.swift; sourceTree = "<group>"; };
		F66B00D51EEA14E600467096 /* Base */ = {isa = PBXFileReference; lastKnownFileType = file.storyboard; name = Base; path = Base.lproj/Main.storyboard; sourceTree = "<group>"; };
		F66B00D81EEA14E600467096 /* Soundboard.xcdatamodel */ = {isa = PBXFileReference; lastKnownFileType = wrapper.xcdatamodel; path = Soundboard.xcdatamodel; sourceTree = "<group>"; };
		F66B00DA1EEA14E600467096 /* Assets.xcassets */ = {isa = PBXFileReference; lastKnownFileType = folder.assetcatalog; path = Assets.xcassets; sourceTree = "<group>"; };
		F66B00DD1EEA14E600467096 /* Base */ = {isa = PBXFileReference; lastKnownFileType = file.storyboard; name = Base; path = Base.lproj/LaunchScreen.storyboard; sourceTree = "<group>"; };
		F66B00DF1EEA14E600467096 /* Info.plist */ = {isa = PBXFileReference; lastKnownFileType = text.plist.xml; path = Info.plist; sourceTree = "<group>"; };
/* End PBXFileReference section */

/* Begin PBXFrameworksBuildPhase section */
		F66B00CA1EEA14E600467096 /* Frameworks */ = {
			isa = PBXFrameworksBuildPhase;
			buildActionMask = 2147483647;
			files = (
			);
			runOnlyForDeploymentPostprocessing = 0;
		};
/* End PBXFrameworksBuildPhase section */

/* Begin PBXGroup section */
		F66B00C41EEA14E600467096 = {
			isa = PBXGroup;
			children = (
				F66B00CF1EEA14E600467096 /* Soundboard */,
				F66B00CE1EEA14E600467096 /* Products */,
			);
			sourceTree = "<group>";
		};
		F66B00CE1EEA14E600467096 /* Products */ = {
			isa = PBXGroup;
			children = (
				F66B00CD1EEA14E600467096 /* Soundboard.app */,
			);
			name = Products;
			sourceTree = "<group>";
		};
		F66B00CF1EEA14E600467096 /* Soundboard */ = {
			isa = PBXGroup;
			children = (
				F66B00D01EEA14E600467096 /* AppDelegate.swift */,
				F66B00D21EEA14E600467096 /* ViewController.swift */,
				F63F0E701EF063BE005239B9 /* SoundViewController.swift */,
				F66B00D41EEA14E600467096 /* Main.storyboard */,
				F66B00DA1EEA14E600467096 /* Assets.xcassets */,
				F66B00DC1EEA14E600467096 /* LaunchScreen.storyboard */,
				F66B00DF1EEA14E600467096 /* Info.plist */,
				F66B00D71EEA14E600467096 /* Soundboard.xcdatamodeld */,
			);
			path = Soundboard;
			sourceTree = "<group>";
		};
/* End PBXGroup section */

/* Begin PBXNativeTarget section */
		F66B00CC1EEA14E600467096 /* Soundboard */ = {
			isa = PBXNativeTarget;
			buildConfigurationList = F66B00E21EEA14E600467096 /* Build configuration list for PBXNativeTarget "Soundboard" */;
			buildPhases = (
				F66B00C91EEA14E600467096 /* Sources */,
				F66B00CA1EEA14E600467096 /* Frameworks */,
				F66B00CB1EEA14E600467096 /* Resources */,
			);
			buildRules = (
			);
			dependencies = (
			);
			name = Soundboard;
			productName = Soundboard;
			productReference = F66B00CD1EEA14E600467096 /* Soundboard.app */;
			productType = "com.apple.product-type.application";
		};
/* End PBXNativeTarget section */

/* Begin PBXProject section */
		F66B00C51EEA14E600467096 /* Project object */ = {
			isa = PBXProject;
			attributes = {
				LastSwiftUpdateCheck = 0830;
				LastUpgradeCheck = 0830;
				ORGANIZATIONNAME = "Luis Lopez";
				TargetAttributes = {
					F66B00CC1EEA14E600467096 = {
						CreatedOnToolsVersion = 8.3.3;
						DevelopmentTeam = YA7HJT36Y8;
						ProvisioningStyle = Automatic;
					};
				};
			};
			buildConfigurationList = F66B00C81EEA14E600467096 /* Build configuration list for PBXProject "Soundboard" */;
			compatibilityVersion = "Xcode 3.2";
			developmentRegion = English;
			hasScannedForEncodings = 0;
			knownRegions = (
				en,
				Base,
			);
			mainGroup = F66B00C41EEA14E600467096;
			productRefGroup = F66B00CE1EEA14E600467096 /* Products */;
			projectDirPath = "";
			projectRoot = "";
			targets = (
				F66B00CC1EEA14E600467096 /* Soundboard */,
			);
		};
/* End PBXProject section */

/* Begin PBXResourcesBuildPhase section */
		F66B00CB1EEA14E600467096 /* Resources */ = {
			isa = PBXResourcesBuildPhase;
			buildActionMask = 2147483647;
			files = (
				F66B00DE1EEA14E600467096 /* LaunchScreen.storyboard in Resources */,
				F66B00DB1EEA14E600467096 /* Assets.xcassets in Resources */,
				F66B00D61EEA14E600467096 /* Main.storyboard in Resources */,
			);
			runOnlyForDeploymentPostprocessing = 0;
		};
/* End PBXResourcesBuildPhase section */

/* Begin PBXSourcesBuildPhase section */
		F66B00C91EEA14E600467096 /* Sources */ = {
			isa = PBXSourcesBuildPhase;
			buildActionMask = 2147483647;
			files = (
				F63F0E711EF063BE005239B9 /* SoundViewController.swift in Sources */,
				F66B00D31EEA14E600467096 /* ViewController.swift in Sources */,
				F66B00D91EEA14E600467096 /* Soundboard.xcdatamodeld in Sources */,
				F66B00D11EEA14E600467096 /* AppDelegate.swift in Sources */,
			);
			runOnlyForDeploymentPostprocessing = 0;
		};
/* End PBXSourcesBuildPhase section */

/* Begin PBXVariantGroup section */
		F66B00D41EEA14E600467096 /* Main.storyboard */ = {
			isa = PBXVariantGroup;
			children = (
				F66B00D51EEA14E600467096 /* Base */,
			);
			name = Main.storyboard;
			sourceTree = "<group>";
		};
		F66B00DC1EEA14E600467096 /* LaunchScreen.storyboard */ = {
			isa = PBXVariantGroup;
			children = (
				F66B00DD1EEA14E600467096 /* Base */,
			);
			name = LaunchScreen.storyboard;
			sourceTree = "<group>";
		};
/* End PBXVariantGroup section */

/* Begin XCBuildConfiguration section */
		F66B00E01EEA14E600467096 /* Debug */ = {
			isa = XCBuildConfiguration;
			buildSettings = {
				ALWAYS_SEARCH_USER_PATHS = NO;
				CLANG_ANALYZER_NONNULL = YES;
				CLANG_ANALYZER_NUMBER_OBJECT_CONVERSION = YES_AGGRESSIVE;
				CLANG_CXX_LANGUAGE_STANDARD = "gnu++0x";
				CLANG_CXX_LIBRARY = "libc++";
				CLANG_ENABLE_MODULES = YES;
				CLANG_ENABLE_OBJC_ARC = YES;
				CLANG_WARN_BOOL_CONVERSION = YES;
				CLANG_WARN_CONSTANT_CONVERSION = YES;
				CLANG_WARN_DIRECT_OBJC_ISA_USAGE = YES_ERROR;
				CLANG_WARN_DOCUMENTATION_COMMENTS = YES;
				CLANG_WARN_EMPTY_BODY = YES;
				CLANG_WARN_ENUM_CONVERSION = YES;
				CLANG_WARN_INFINITE_RECURSION = YES;
				CLANG_WARN_INT_CONVERSION = YES;
				CLANG_WARN_OBJC_ROOT_CLASS = YES_ERROR;
				CLANG_WARN_SUSPICIOUS_MOVE = YES;
				CLANG_WARN_UNREACHABLE_CODE = YES;
				CLANG_WARN__DUPLICATE_METHOD_MATCH = YES;
				"CODE_SIGN_IDENTITY[sdk=iphoneos*]" = "iPhone Developer";
				COPY_PHASE_STRIP = NO;
				DEBUG_INFORMATION_FORMAT = dwarf;
				ENABLE_STRICT_OBJC_MSGSEND = YES;
				ENABLE_TESTABILITY = YES;
				GCC_C_LANGUAGE_STANDARD = gnu99;
				GCC_DYNAMIC_NO_PIC = NO;
				GCC_NO_COMMON_BLOCKS = YES;
				GCC_OPTIMIZATION_LEVEL = 0;
				GCC_PREPROCESSOR_DEFINITIONS = (
					"DEBUG=1",
					"$(inherited)",
				);
				GCC_WARN_64_TO_32_BIT_CONVERSION = YES;
				GCC_WARN_ABOUT_RETURN_TYPE = YES_ERROR;
				GCC_WARN_UNDECLARED_SELECTOR = YES;
				GCC_WARN_UNINITIALIZED_AUTOS = YES_AGGRESSIVE;
				GCC_WARN_UNUSED_FUNCTION = YES;
				GCC_WARN_UNUSED_VARIABLE = YES;
				IPHONEOS_DEPLOYMENT_TARGET = 10.3;
				MTL_ENABLE_DEBUG_INFO = YES;
				ONLY_ACTIVE_ARCH = YES;
				SDKROOT = iphoneos;
				SWIFT_ACTIVE_COMPILATION_CONDITIONS = DEBUG;
				SWIFT_OPTIMIZATION_LEVEL = "-Onone";
				TARGETED_DEVICE_FAMILY = "1,2";
			};
			name = Debug;
		};
		F66B00E11EEA14E600467096 /* Release */ = {
			isa = XCBuildConfiguration;
			buildSettings = {
				ALWAYS_SEARCH_USER_PATHS = NO;
				CLANG_ANALYZER_NONNULL = YES;
				CLANG_ANALYZER_NUMBER_OBJECT_CONVERSION = YES_AGGRESSIVE;
				CLANG_CXX_LANGUAGE_STANDARD = "gnu++0x";
				CLANG_CXX_LIBRARY = "libc++";
				CLANG_ENABLE_MODULES = YES;
				CLANG_ENABLE_OBJC_ARC = YES;
				CLANG_WARN_BOOL_CONVERSION = YES;
				CLANG_WARN_CONSTANT_CONVERSION = YES;
				CLANG_WARN_DIRECT_OBJC_ISA_USAGE = YES_ERROR;
				CLANG_WARN_DOCUMENTATION_COMMENTS = YES;
				CLANG_WARN_EMPTY_BODY = YES;
				CLANG_WARN_ENUM_CONVERSION = YES;
				CLANG_WARN_INFINITE_RECURSION = YES;
				CLANG_WARN_INT_CONVERSION = YES;
				CLANG_WARN_OBJC_ROOT_CLASS = YES_ERROR;
				CLANG_WARN_SUSPICIOUS_MOVE = YES;
				CLANG_WARN_UNREACHABLE_CODE = YES;
				CLANG_WARN__DUPLICATE_METHOD_MATCH = YES;
				"CODE_SIGN_IDENTITY[sdk=iphoneos*]" = "iPhone Developer";
				COPY_PHASE_STRIP = NO;
				DEBUG_INFORMATION_FORMAT = "dwarf-with-dsym";
				ENABLE_NS_ASSERTIONS = NO;
				ENABLE_STRICT_OBJC_MSGSEND = YES;
				GCC_C_LANGUAGE_STANDARD = gnu99;
				GCC_NO_COMMON_BLOCKS = YES;
				GCC_WARN_64_TO_32_BIT_CONVERSION = YES;
				GCC_WARN_ABOUT_RETURN_TYPE = YES_ERROR;
				GCC_WARN_UNDECLARED_SELECTOR = YES;
				GCC_WARN_UNINITIALIZED_AUTOS = YES_AGGRESSIVE;
				GCC_WARN_UNUSED_FUNCTION = YES;
				GCC_WARN_UNUSED_VARIABLE = YES;
				IPHONEOS_DEPLOYMENT_TARGET = 10.3;
				MTL_ENABLE_DEBUG_INFO = NO;
				SDKROOT = iphoneos;
				SWIFT_OPTIMIZATION_LEVEL = "-Owholemodule";
				TARGETED_DEVICE_FAMILY = "1,2";
				VALIDATE_PRODUCT = YES;
			};
			name = Release;
		};
		F66B00E31EEA14E600467096 /* Debug */ = {
			isa = XCBuildConfiguration;
			buildSettings = {
				ASSETCATALOG_COMPILER_APPICON_NAME = AppIcon;
				DEVELOPMENT_TEAM = YA7HJT36Y8;
				INFOPLIST_FILE = Soundboard/Info.plist;
				LD_RUNPATH_SEARCH_PATHS = "$(inherited) @executable_path/Frameworks";
				PRODUCT_BUNDLE_IDENTIFIER = None.Soundboard;
				PRODUCT_NAME = "$(TARGET_NAME)";
				SWIFT_VERSION = 3.0;
			};
			name = Debug;
		};
		F66B00E41EEA14E600467096 /* Release */ = {
			isa = XCBuildConfiguration;
			buildSettings = {
				ASSETCATALOG_COMPILER_APPICON_NAME = AppIcon;
				DEVELOPMENT_TEAM = YA7HJT36Y8;
				INFOPLIST_FILE = Soundboard/Info.plist;
				LD_RUNPATH_SEARCH_PATHS = "$(inherited) @executable_path/Frameworks";
				PRODUCT_BUNDLE_IDENTIFIER = None.Soundboard;
				PRODUCT_NAME = "$(TARGET_NAME)";
				SWIFT_VERSION = 3.0;
			};
			name = Release;
		};
/* End XCBuildConfiguration section */

/* Begin XCConfigurationList section */
		F66B00C81EEA14E600467096 /* Build configuration list for PBXProject "Soundboard" */ = {
			isa = XCConfigurationList;
			buildConfigurations = (
				F66B00E01EEA14E600467096 /* Debug */,
				F66B00E11EEA14E600467096 /* Release */,
			);
			defaultConfigurationIsVisible = 0;
			defaultConfigurationName = Release;
		};
		F66B00E21EEA14E600467096 /* Build configuration list for PBXNativeTarget "Soundboard" */ = {
			isa = XCConfigurationList;
			buildConfigurations = (
				F66B00E31EEA14E600467096 /* Debug */,
				F66B00E41EEA14E600467096 /* Release */,
			);
			defaultConfigurationIsVisible = 0;
			defaultConfigurationName = Release;
		};
/* End XCConfigurationList section */

/* Begin XCVersionGroup section */
		F66B00D71EEA14E600467096 /* Soundboard.xcdatamodeld */ = {
			isa = XCVersionGroup;
			children = (
				F66B00D81EEA14E600467096 /* Soundboard.xcdatamodel */,
			);
			currentVersion = F66B00D81EEA14E600467096 /* Soundboard.xcdatamodel */;
			path = Soundboard.xcdatamodeld;
			sourceTree = "<group>";
			versionGroupType = wrapper.xcdatamodel;
		};
/* End XCVersionGroup section */
	};
	rootObject = F66B00C51EEA14E600467096 /* Project object */;
}
